
Microsoft Visual Studio Solution File, Format Version 12.00
# Visual Studio Version 16
VisualStudioVersion = 16.0.29418.71
MinimumVisualStudioVersion = 10.0.40219.1
Project("{FAE04EC0-301F-11D3-BF4B-00C04F79EFBC}") = "intro1.UWP", "intro1.UWP\intro1.UWP.csproj", "{2470F08F-9448-49C9-8A53-8720FF62DFDB}"
EndProject
Project("{FAE04EC0-301F-11D3-BF4B-00C04F79EFBC}") = "intro1.Android", "intro1.Android\intro1.Android.csproj", "{B252DB42-0CC0-41A7-A4A5-4CF29143AB1E}"
EndProject
Project("{FAE04EC0-301F-11D3-BF4B-00C04F79EFBC}") = "intro1.iOS", "intro1.iOS\intro1.iOS.csproj", "{A6D23F55-C62D-474A-A6AF-A1D913DB6709}"
EndProject
Project("{FAE04EC0-301F-11D3-BF4B-00C04F79EFBC}") = "intro1", "intro1\intro1.csproj", "{9CB5C7F1-1854-4111-8526-870008AACCDF}"
EndProject
Global
	GlobalSection(SolutionConfigurationPlatforms) = preSolution
		Debug|Any CPU = Debug|Any CPU
		Debug|ARM = Debug|ARM
		Debug|iPhone = Debug|iPhone
		Debug|iPhoneSimulator = Debug|iPhoneSimulator
		Debug|x64 = Debug|x64
		Debug|x86 = Debug|x86
		Release|Any CPU = Release|Any CPU
		Release|ARM = Release|ARM
		Release|iPhone = Release|iPhone
		Release|iPhoneSimulator = Release|iPhoneSimulator
		Release|x64 = Release|x64
		Release|x86 = Release|x86
	EndGlobalSection
	GlobalSection(ProjectConfigurationPlatforms) = postSolution
		{2470F08F-9448-49C9-8A53-8720FF62DFDB}.Debug|Any CPU.ActiveCfg = Debug|x86
		{2470F08F-9448-49C9-8A53-8720FF62DFDB}.Debug|Any CPU.Build.0 = Debug|x86
		{2470F08F-9448-49C9-8A53-8720FF62DFDB}.Debug|Any CPU.Deploy.0 = Debug|x86
		{2470F08F-9448-49C9-8A53-8720FF62DFDB}.Debug|ARM.ActiveCfg = Debug|ARM
		{2470F08F-9448-49C9-8A53-8720FF62DFDB}.Debug|ARM.Build.0 = Debug|ARM
		{2470F08F-9448-49C9-8A53-8720FF62DFDB}.Debug|ARM.Deploy.0 = Debug|ARM
		{2470F08F-9448-49C9-8A53-8720FF62DFDB}.Debug|iPhone.ActiveCfg = Debug|x86
		{2470F08F-9448-49C9-8A53-8720FF62DFDB}.Debug|iPhone.Build.0 = Debug|x86
		{2470F08F-9448-49C9-8A53-8720FF62DFDB}.Debug|iPhone.Deploy.0 = Debug|x86
		{2470F08F-9448-49C9-8A53-8720FF62DFDB}.Debug|iPhoneSimulator.ActiveCfg = Debug|x86
		{2470F08F-9448-49C9-8A53-8720FF62DFDB}.Debug|iPhoneSimulator.Build.0 = Debug|x86
		{2470F08F-9448-49C9-8A53-8720FF62DFDB}.Debug|iPhoneSimulator.Deploy.0 = Debug|x86
		{2470F08F-9448-49C9-8A53-8720FF62DFDB}.Debug|x64.ActiveCfg = Debug|x64
		{2470F08F-9448-49C9-8A53-8720FF62DFDB}.Debug|x64.Build.0 = Debug|x64
		{2470F08F-9448-49C9-8A53-8720FF62DFDB}.Debug|x64.Deploy.0 = Debug|x64
		{2470F08F-9448-49C9-8A53-8720FF62DFDB}.Debug|x86.ActiveCfg = Debug|x86
		{2470F08F-9448-49C9-8A53-8720FF62DFDB}.Debug|x86.Build.0 = Debug|x86
		{2470F08F-9448-49C9-8A53-8720FF62DFDB}.Debug|x86.Deploy.0 = Debug|x86
		{2470F08F-9448-49C9-8A53-8720FF62DFDB}.Release|Any CPU.ActiveCfg = Release|x86
		{2470F08F-9448-49C9-8A53-8720FF62DFDB}.Release|Any CPU.Build.0 = Release|x86
		{2470F08F-9448-49C9-8A53-8720FF62DFDB}.Release|Any CPU.Deploy.0 = Release|x86
		{2470F08F-9448-49C9-8A53-8720FF62DFDB}.Release|ARM.ActiveCfg = Release|ARM
		{2470F08F-9448-49C9-8A53-8720FF62DFDB}.Release|ARM.Build.0 = Release|ARM
		{2470F08F-9448-49C9-8A53-8720FF62DFDB}.Release|ARM.Deploy.0 = Release|ARM
		{2470F08F-9448-49C9-8A53-8720FF62DFDB}.Release|iPhone.ActiveCfg = Release|x86
		{2470F08F-9448-49C9-8A53-8720FF62DFDB}.Release|iPhone.Build.0 = Release|x86
		{2470F08F-9448-49C9-8A53-8720FF62DFDB}.Release|iPhone.Deploy.0 = Release|x86
		{2470F08F-9448-49C9-8A53-8720FF62DFDB}.Release|iPhoneSimulator.ActiveCfg = Release|x86
		{2470F08F-9448-49C9-8A53-8720FF62DFDB}.Release|iPhoneSimulator.Build.0 = Release|x86
		{2470F08F-9448-49C9-8A53-8720FF62DFDB}.Release|iPhoneSimulator.Deploy.0 = Release|x86
		{2470F08F-9448-49C9-8A53-8720FF62DFDB}.Release|x64.ActiveCfg = Release|x64
		{2470F08F-9448-49C9-8A53-8720FF62DFDB}.Release|x64.Build.0 = Release|x64
		{2470F08F-9448-49C9-8A53-8720FF62DFDB}.Release|x64.Deploy.0 = Release|x64
		{2470F08F-9448-49C9-8A53-8720FF62DFDB}.Release|x86.ActiveCfg = Release|x86
		{2470F08F-9448-49C9-8A53-8720FF62DFDB}.Release|x86.Build.0 = Release|x86
		{2470F08F-9448-49C9-8A53-8720FF62DFDB}.Release|x86.Deploy.0 = Release|x86
		{B252DB42-0CC0-41A7-A4A5-4CF29143AB1E}.Debug|Any CPU.ActiveCfg = Debug|Any CPU
		{B252DB42-0CC0-41A7-A4A5-4CF29143AB1E}.Debug|Any CPU.Build.0 = Debug|Any CPU
		{B252DB42-0CC0-41A7-A4A5-4CF29143AB1E}.Debug|Any CPU.Deploy.0 = Debug|Any CPU
		{B252DB42-0CC0-41A7-A4A5-4CF29143AB1E}.Debug|ARM.ActiveCfg = Debug|Any CPU
		{B252DB42-0CC0-41A7-A4A5-4CF29143AB1E}.Debug|ARM.Build.0 = Debug|Any CPU
		{B252DB42-0CC0-41A7-A4A5-4CF29143AB1E}.Debug|ARM.Deploy.0 = Debug|Any CPU
		{B252DB42-0CC0-41A7-A4A5-4CF29143AB1E}.Debug|iPhone.ActiveCfg = Debug|Any CPU
		{B252DB42-0CC0-41A7-A4A5-4CF29143AB1E}.Debug|iPhone.Build.0 = Debug|Any CPU
		{B252DB42-0CC0-41A7-A4A5-4CF29143AB1E}.Debug|iPhone.Deploy.0 = Debug|Any CPU
		{B252DB42-0CC0-41A7-A4A5-4CF29143AB1E}.Debug|iPhoneSimulator.ActiveCfg = Debug|Any CPU
		{B252DB42-0CC0-41A7-A4A5-4CF29143AB1E}.Debug|iPhoneSimulator.Build.0 = Debug|Any CPU
		{B252DB42-0CC0-41A7-A4A5-4CF29143AB1E}.Debug|iPhoneSimulator.Deploy.0 = Debug|Any CPU
		{B252DB42-0CC0-41A7-A4A5-4CF29143AB1E}.Debug|x64.ActiveCfg = Debug|Any CPU
		{B252DB42-0CC0-41A7-A4A5-4CF29143AB1E}.Debug|x64.Build.0 = Debug|Any CPU
		{B252DB42-0CC0-41A7-A4A5-4CF29143AB1E}.Debug|x64.Deploy.0 = Debug|Any CPU
		{B252DB42-0CC0-41A7-A4A5-4CF29143AB1E}.Debug|x86.ActiveCfg = Debug|Any CPU
		{B252DB42-0CC0-41A7-A4A5-4CF29143AB1E}.Debug|x86.Build.0 = Debug|Any CPU
		{B252DB42-0CC0-41A7-A4A5-4CF29143AB1E}.Debug|x86.Deploy.0 = Debug|Any CPU
		{B252DB42-0CC0-41A7-A4A5-4CF29143AB1E}.Release|Any CPU.ActiveCfg = Release|Any CPU
		{B252DB42-0CC0-41A7-A4A5-4CF29143AB1E}.Release|Any CPU.Build.0 = Release|Any CPU
		{B252DB42-0CC0-41A7-A4A5-4CF29143AB1E}.Release|Any CPU.Deploy.0 = Release|Any CPU
		{B252DB42-0CC0-41A7-A4A5-4CF29143AB1E}.Release|ARM.ActiveCfg = Release|Any CPU
		{B252DB42-0CC0-41A7-A4A5-4CF29143AB1E}.Release|ARM.Build.0 = Release|Any CPU
		{B252DB42-0CC0-41A7-A4A5-4CF29143AB1E}.Release|ARM.Deploy.0 = Release|Any CPU
		{B252DB42-0CC0-41A7-A4A5-4CF29143AB1E}.Release|iPhone.ActiveCfg = Release|Any CPU
		{B252DB42-0CC0-41A7-A4A5-4CF29143AB1E}.Release|iPhone.Build.0 = Release|Any CPU
		{B252DB42-0CC0-41A7-A4A5-4CF29143AB1E}.Release|iPhone.Deploy.0 = Release|Any CPU
		{B252DB42-0CC0-41A7-A4A5-4CF29143AB1E}.Release|iPhoneSimulator.ActiveCfg = Release|Any CPU
		{B252DB42-0CC0-41A7-A4A5-4CF29143AB1E}.Release|iPhoneSimulator.Build.0 = Release|Any CPU
		{B252DB42-0CC0-41A7-A4A5-4CF29143AB1E}.Release|iPhoneSimulator.Deploy.0 = Release|Any CPU
		{B252DB42-0CC0-41A7-A4A5-4CF29143AB1E}.Release|x64.ActiveCfg = Release|Any CPU
		{B252DB42-0CC0-41A7-A4A5-4CF29143AB1E}.Release|x64.Build.0 = Release|Any CPU
		{B252DB42-0CC0-41A7-A4A5-4CF29143AB1E}.Release|x64.Deploy.0 = Release|Any CPU
		{B252DB42-0CC0-41A7-A4A5-4CF29143AB1E}.Release|x86.ActiveCfg = Release|Any CPU
		{B252DB42-0CC0-41A7-A4A5-4CF29143AB1E}.Release|x86.Build.0 = Release|Any CPU
		{B252DB42-0CC0-41A7-A4A5-4CF29143AB1E}.Release|x86.Deploy.0 = Release|Any CPU
		{A6D23F55-C62D-474A-A6AF-A1D913DB6709}.Debug|Any CPU.ActiveCfg = Debug|iPhone
		{A6D23F55-C62D-474A-A6AF-A1D913DB6709}.Debug|Any CPU.Build.0 = Debug|iPhone
		{A6D23F55-C62D-474A-A6AF-A1D913DB6709}.Debug|Any CPU.Deploy.0 = Debug|iPhone
		{A6D23F55-C62D-474A-A6AF-A1D913DB6709}.Debug|ARM.ActiveCfg = Debug|iPhoneSimulator
		{A6D23F55-C62D-474A-A6AF-A1D913DB6709}.Debug|ARM.Build.0 = Debug|iPhoneSimulator
		{A6D23F55-C62D-474A-A6AF-A1D913DB6709}.Debug|ARM.Deploy.0 = Debug|iPhoneSimulator
		{A6D23F55-C62D-474A-A6AF-A1D913DB6709}.Debug|iPhone.ActiveCfg = Debug|iPhone
		{A6D23F55-C62D-474A-A6AF-A1D913DB6709}.Debug|iPhone.Build.0 = Debug|iPhone
		{A6D23F55-C62D-474A-A6AF-A1D913DB6709}.Debug|iPhone.Deploy.0 = Debug|iPhone
		{A6D23F55-C62D-474A-A6AF-A1D913DB6709}.Debug|iPhoneSimulator.ActiveCfg = Debug|iPhoneSimulator
		{A6D23F55-C62D-474A-A6AF-A1D913DB6709}.Debug|iPhoneSimulator.Build.0 = Debug|iPhoneSimulator
		{A6D23F55-C62D-474A-A6AF-A1D913DB6709}.Debug|iPhoneSimulator.Deploy.0 = Debug|iPhoneSimulator
		{A6D23F55-C62D-474A-A6AF-A1D913DB6709}.Debug|x64.ActiveCfg = Debug|iPhone
		{A6D23F55-C62D-474A-A6AF-A1D913DB6709}.Debug|x64.Build.0 = Debug|iPhone
		{A6D23F55-C62D-474A-A6AF-A1D913DB6709}.Debug|x64.Deploy.0 = Debug|iPhone
		{A6D23F55-C62D-474A-A6AF-A1D913DB6709}.Debug|x86.ActiveCfg = Debug|iPhone
		{A6D23F55-C62D-474A-A6AF-A1D913DB6709}.Debug|x86.Build.0 = Debug|iPhone
		{A6D23F55-C62D-474A-A6AF-A1D913DB6709}.Debug|x86.Deploy.0 = Debug|iPhone
		{A6D23F55-C62D-474A-A6AF-A1D913DB6709}.Release|Any CPU.ActiveCfg = Release|iPhone
		{A6D23F55-C62D-474A-A6AF-A1D913DB6709}.Release|Any CPU.Build.0 = Release|iPhone
		{A6D23F55-C62D-474A-A6AF-A1D913DB6709}.Release|Any CPU.Deploy.0 = Release|iPhone
		{A6D23F55-C62D-474A-A6AF-A1D913DB6709}.Release|ARM.ActiveCfg = Release|iPhone
		{A6D23F55-C62D-474A-A6AF-A1D913DB6709}.Release|ARM.Build.0 = Release|iPhone
		{A6D23F55-C62D-474A-A6AF-A1D913DB6709}.Release|ARM.Deploy.0 = Release|iPhone
		{A6D23F55-C62D-474A-A6AF-A1D913DB6709}.Release|iPhone.ActiveCfg = Release|iPhone
		{A6D23F55-C62D-474A-A6AF-A1D913DB6709}.Release|iPhone.Build.0 = Release|iPhone
		{A6D23F55-C62D-474A-A6AF-A1D913DB6709}.Release|iPhone.Deploy.0 = Release|iPhone
		{A6D23F55-C62D-474A-A6AF-A1D913DB6709}.Release|iPhoneSimulator.ActiveCfg = Release|iPhoneSimulator
		{A6D23F55-C62D-474A-A6AF-A1D913DB6709}.Release|iPhoneSimulator.Build.0 = Release|iPhoneSimulator
		{A6D23F55-C62D-474A-A6AF-A1D913DB6709}.Release|iPhoneSimulator.Deploy.0 = Release|iPhoneSimulator
		{A6D23F55-C62D-474A-A6AF-A1D913DB6709}.Release|x64.ActiveCfg = Release|iPhone
		{A6D23F55-C62D-474A-A6AF-A1D913DB6709}.Release|x64.Build.0 = Release|iPhone
		{A6D23F55-C62D-474A-A6AF-A1D913DB6709}.Release|x64.Deploy.0 = Release|iPhone
		{A6D23F55-C62D-474A-A6AF-A1D913DB6709}.Release|x86.ActiveCfg = Release|iPhone
		{A6D23F55-C62D-474A-A6AF-A1D913DB6709}.Release|x86.Build.0 = Release|iPhone
		{A6D23F55-C62D-474A-A6AF-A1D913DB6709}.Release|x86.Deploy.0 = Release|iPhone
		{9CB5C7F1-1854-4111-8526-870008AACCDF}.Debug|Any CPU.ActiveCfg = Debug|Any CPU
		{9CB5C7F1-1854-4111-8526-870008AACCDF}.Debug|Any CPU.Build.0 = Debug|Any CPU
		{9CB5C7F1-1854-4111-8526-870008AACCDF}.Debug|Any CPU.Deploy.0 = Debug|Any CPU
		{9CB5C7F1-1854-4111-8526-870008AACCDF}.Debug|ARM.ActiveCfg = Debug|Any CPU
		{9CB5C7F1-1854-4111-8526-870008AACCDF}.Debug|ARM.Build.0 = Debug|Any CPU
		{9CB5C7F1-1854-4111-8526-870008AACCDF}.Debug|ARM.Deploy.0 = Debug|Any CPU
		{9CB5C7F1-1854-4111-8526-870008AACCDF}.Debug|iPhone.ActiveCfg = Debug|Any CPU
		{9CB5C7F1-1854-4111-8526-870008AACCDF}.Debug|iPhone.Build.0 = Debug|Any CPU
		{9CB5C7F1-1854-4111-8526-870008AACCDF}.Debug|iPhone.Deploy.0 = Debug|Any CPU
		{9CB5C7F1-1854-4111-8526-870008AACCDF}.Debug|iPhoneSimulator.ActiveCfg = Debug|Any CPU
		{9CB5C7F1-1854-4111-8526-870008AACCDF}.Debug|iPhoneSimulator.Build.0 = Debug|Any CPU
		{9CB5C7F1-1854-4111-8526-870008AACCDF}.Debug|iPhoneSimulator.Deploy.0 = Debug|Any CPU
		{9CB5C7F1-1854-4111-8526-870008AACCDF}.Debug|x64.ActiveCfg = Debug|Any CPU
		{9CB5C7F1-1854-4111-8526-870008AACCDF}.Debug|x64.Build.0 = Debug|Any CPU
		{9CB5C7F1-1854-4111-8526-870008AACCDF}.Debug|x64.Deploy.0 = Debug|Any CPU
		{9CB5C7F1-1854-4111-8526-870008AACCDF}.Debug|x86.ActiveCfg = Debug|Any CPU
		{9CB5C7F1-1854-4111-8526-870008AACCDF}.Debug|x86.Build.0 = Debug|Any CPU
		{9CB5C7F1-1854-4111-8526-870008AACCDF}.Debug|x86.Deploy.0 = Debug|Any CPU
		{9CB5C7F1-1854-4111-8526-870008AACCDF}.Release|Any CPU.ActiveCfg = Release|Any CPU
		{9CB5C7F1-1854-4111-8526-870008AACCDF}.Release|Any CPU.Build.0 = Release|Any CPU
		{9CB5C7F1-1854-4111-8526-870008AACCDF}.Release|Any CPU.Deploy.0 = Release|Any CPU
		{9CB5C7F1-1854-4111-8526-870008AACCDF}.Release|ARM.ActiveCfg = Release|Any CPU
		{9CB5C7F1-1854-4111-8526-870008AACCDF}.Release|ARM.Build.0 = Release|Any CPU
		{9CB5C7F1-1854-4111-8526-870008AACCDF}.Release|ARM.Deploy.0 = Release|Any CPU
		{9CB5C7F1-1854-4111-8526-870008AACCDF}.Release|iPhone.ActiveCfg = Release|Any CPU
		{9CB5C7F1-1854-4111-8526-870008AACCDF}.Release|iPhone.Build.0 = Release|Any CPU
		{9CB5C7F1-1854-4111-8526-870008AACCDF}.Release|iPhone.Deploy.0 = Release|Any CPU
		{9CB5C7F1-1854-4111-8526-870008AACCDF}.Release|iPhoneSimulator.ActiveCfg = Release|Any CPU
		{9CB5C7F1-1854-4111-8526-870008AACCDF}.Release|iPhoneSimulator.Build.0 = Release|Any CPU
		{9CB5C7F1-1854-4111-8526-870008AACCDF}.Release|iPhoneSimulator.Deploy.0 = Release|Any CPU
		{9CB5C7F1-1854-4111-8526-870008AACCDF}.Release|x64.ActiveCfg = Release|Any CPU
		{9CB5C7F1-1854-4111-8526-870008AACCDF}.Release|x64.Build.0 = Release|Any CPU
		{9CB5C7F1-1854-4111-8526-870008AACCDF}.Release|x64.Deploy.0 = Release|Any CPU
		{9CB5C7F1-1854-4111-8526-870008AACCDF}.Release|x86.ActiveCfg = Release|Any CPU
		{9CB5C7F1-1854-4111-8526-870008AACCDF}.Release|x86.Build.0 = Release|Any CPU
		{9CB5C7F1-1854-4111-8526-870008AACCDF}.Release|x86.Deploy.0 = Release|Any CPU
	EndGlobalSection
	GlobalSection(SolutionProperties) = preSolution
		HideSolutionNode = FALSE
	EndGlobalSection
	GlobalSection(ExtensibilityGlobals) = postSolution
		SolutionGuid = {F575DD9F-D252-4B12-8093-298D70B7B880}
	EndGlobalSection
EndGlobal
