
Microsoft Visual Studio Solution File, Format Version 12.00
# Visual Studio Version 16
VisualStudioVersion = 16.0.29418.71
MinimumVisualStudioVersion = 10.0.40219.1
Project("{FAE04EC0-301F-11D3-BF4B-00C04F79EFBC}") = "intro1.UWP", "intro1.UWP\intro1.UWP.csproj", "{D4F7CEA5-F42F-4ADB-8552-38BD2A4CEFCF}"
EndProject
Project("{FAE04EC0-301F-11D3-BF4B-00C04F79EFBC}") = "intro1.Android", "intro1.Android\intro1.Android.csproj", "{209B5690-EE34-49CB-8457-EDD95303DE8D}"
EndProject
Project("{FAE04EC0-301F-11D3-BF4B-00C04F79EFBC}") = "intro1.iOS", "intro1.iOS\intro1.iOS.csproj", "{2DB9EC99-51CE-4B14-94AF-548A8F772509}"
EndProject
Project("{FAE04EC0-301F-11D3-BF4B-00C04F79EFBC}") = "intro1", "intro1\intro1.csproj", "{32DB2326-5D00-40B1-9D04-5ABD4E144FBA}"
EndProject
Global
	GlobalSection(SolutionConfigurationPlatforms) = preSolution
		Debug|Any CPU = Debug|Any CPU
		Debug|ARM = Debug|ARM
		Debug|iPhone = Debug|iPhone
		Debug|iPhoneSimulator = Debug|iPhoneSimulator
		Debug|x64 = Debug|x64
		Debug|x86 = Debug|x86
		Release|Any CPU = Release|Any CPU
		Release|ARM = Release|ARM
		Release|iPhone = Release|iPhone
		Release|iPhoneSimulator = Release|iPhoneSimulator
		Release|x64 = Release|x64
		Release|x86 = Release|x86
	EndGlobalSection
	GlobalSection(ProjectConfigurationPlatforms) = postSolution
		{D4F7CEA5-F42F-4ADB-8552-38BD2A4CEFCF}.Debug|Any CPU.ActiveCfg = Debug|x86
		{D4F7CEA5-F42F-4ADB-8552-38BD2A4CEFCF}.Debug|Any CPU.Build.0 = Debug|x86
		{D4F7CEA5-F42F-4ADB-8552-38BD2A4CEFCF}.Debug|Any CPU.Deploy.0 = Debug|x86
		{D4F7CEA5-F42F-4ADB-8552-38BD2A4CEFCF}.Debug|ARM.ActiveCfg = Debug|ARM
		{D4F7CEA5-F42F-4ADB-8552-38BD2A4CEFCF}.Debug|ARM.Build.0 = Debug|ARM
		{D4F7CEA5-F42F-4ADB-8552-38BD2A4CEFCF}.Debug|ARM.Deploy.0 = Debug|ARM
		{D4F7CEA5-F42F-4ADB-8552-38BD2A4CEFCF}.Debug|iPhone.ActiveCfg = Debug|x86
		{D4F7CEA5-F42F-4ADB-8552-38BD2A4CEFCF}.Debug|iPhone.Build.0 = Debug|x86
		{D4F7CEA5-F42F-4ADB-8552-38BD2A4CEFCF}.Debug|iPhone.Deploy.0 = Debug|x86
		{D4F7CEA5-F42F-4ADB-8552-38BD2A4CEFCF}.Debug|iPhoneSimulator.ActiveCfg = Debug|x86
		{D4F7CEA5-F42F-4ADB-8552-38BD2A4CEFCF}.Debug|iPhoneSimulator.Build.0 = Debug|x86
		{D4F7CEA5-F42F-4ADB-8552-38BD2A4CEFCF}.Debug|iPhoneSimulator.Deploy.0 = Debug|x86
		{D4F7CEA5-F42F-4ADB-8552-38BD2A4CEFCF}.Debug|x64.ActiveCfg = Debug|x64
		{D4F7CEA5-F42F-4ADB-8552-38BD2A4CEFCF}.Debug|x64.Build.0 = Debug|x64
		{D4F7CEA5-F42F-4ADB-8552-38BD2A4CEFCF}.Debug|x64.Deploy.0 = Debug|x64
		{D4F7CEA5-F42F-4ADB-8552-38BD2A4CEFCF}.Debug|x86.ActiveCfg = Debug|x86
		{D4F7CEA5-F42F-4ADB-8552-38BD2A4CEFCF}.Debug|x86.Build.0 = Debug|x86
		{D4F7CEA5-F42F-4ADB-8552-38BD2A4CEFCF}.Debug|x86.Deploy.0 = Debug|x86
		{D4F7CEA5-F42F-4ADB-8552-38BD2A4CEFCF}.Release|Any CPU.ActiveCfg = Release|x86
		{D4F7CEA5-F42F-4ADB-8552-38BD2A4CEFCF}.Release|Any CPU.Build.0 = Release|x86
		{D4F7CEA5-F42F-4ADB-8552-38BD2A4CEFCF}.Release|Any CPU.Deploy.0 = Release|x86
		{D4F7CEA5-F42F-4ADB-8552-38BD2A4CEFCF}.Release|ARM.ActiveCfg = Release|ARM
		{D4F7CEA5-F42F-4ADB-8552-38BD2A4CEFCF}.Release|ARM.Build.0 = Release|ARM
		{D4F7CEA5-F42F-4ADB-8552-38BD2A4CEFCF}.Release|ARM.Deploy.0 = Release|ARM
		{D4F7CEA5-F42F-4ADB-8552-38BD2A4CEFCF}.Release|iPhone.ActiveCfg = Release|x86
		{D4F7CEA5-F42F-4ADB-8552-38BD2A4CEFCF}.Release|iPhone.Build.0 = Release|x86
		{D4F7CEA5-F42F-4ADB-8552-38BD2A4CEFCF}.Release|iPhone.Deploy.0 = Release|x86
		{D4F7CEA5-F42F-4ADB-8552-38BD2A4CEFCF}.Release|iPhoneSimulator.ActiveCfg = Release|x86
		{D4F7CEA5-F42F-4ADB-8552-38BD2A4CEFCF}.Release|iPhoneSimulator.Build.0 = Release|x86
		{D4F7CEA5-F42F-4ADB-8552-38BD2A4CEFCF}.Release|iPhoneSimulator.Deploy.0 = Release|x86
		{D4F7CEA5-F42F-4ADB-8552-38BD2A4CEFCF}.Release|x64.ActiveCfg = Release|x64
		{D4F7CEA5-F42F-4ADB-8552-38BD2A4CEFCF}.Release|x64.Build.0 = Release|x64
		{D4F7CEA5-F42F-4ADB-8552-38BD2A4CEFCF}.Release|x64.Deploy.0 = Release|x64
		{D4F7CEA5-F42F-4ADB-8552-38BD2A4CEFCF}.Release|x86.ActiveCfg = Release|x86
		{D4F7CEA5-F42F-4ADB-8552-38BD2A4CEFCF}.Release|x86.Build.0 = Release|x86
		{D4F7CEA5-F42F-4ADB-8552-38BD2A4CEFCF}.Release|x86.Deploy.0 = Release|x86
		{209B5690-EE34-49CB-8457-EDD95303DE8D}.Debug|Any CPU.ActiveCfg = Debug|Any CPU
		{209B5690-EE34-49CB-8457-EDD95303DE8D}.Debug|Any CPU.Build.0 = Debug|Any CPU
		{209B5690-EE34-49CB-8457-EDD95303DE8D}.Debug|Any CPU.Deploy.0 = Debug|Any CPU
		{209B5690-EE34-49CB-8457-EDD95303DE8D}.Debug|ARM.ActiveCfg = Debug|Any CPU
		{209B5690-EE34-49CB-8457-EDD95303DE8D}.Debug|ARM.Build.0 = Debug|Any CPU
		{209B5690-EE34-49CB-8457-EDD95303DE8D}.Debug|ARM.Deploy.0 = Debug|Any CPU
		{209B5690-EE34-49CB-8457-EDD95303DE8D}.Debug|iPhone.ActiveCfg = Debug|Any CPU
		{209B5690-EE34-49CB-8457-EDD95303DE8D}.Debug|iPhone.Build.0 = Debug|Any CPU
		{209B5690-EE34-49CB-8457-EDD95303DE8D}.Debug|iPhone.Deploy.0 = Debug|Any CPU
		{209B5690-EE34-49CB-8457-EDD95303DE8D}.Debug|iPhoneSimulator.ActiveCfg = Debug|Any CPU
		{209B5690-EE34-49CB-8457-EDD95303DE8D}.Debug|iPhoneSimulator.Build.0 = Debug|Any CPU
		{209B5690-EE34-49CB-8457-EDD95303DE8D}.Debug|iPhoneSimulator.Deploy.0 = Debug|Any CPU
		{209B5690-EE34-49CB-8457-EDD95303DE8D}.Debug|x64.ActiveCfg = Debug|Any CPU
		{209B5690-EE34-49CB-8457-EDD95303DE8D}.Debug|x64.Build.0 = Debug|Any CPU
		{209B5690-EE34-49CB-8457-EDD95303DE8D}.Debug|x64.Deploy.0 = Debug|Any CPU
		{209B5690-EE34-49CB-8457-EDD95303DE8D}.Debug|x86.ActiveCfg = Debug|Any CPU
		{209B5690-EE34-49CB-8457-EDD95303DE8D}.Debug|x86.Build.0 = Debug|Any CPU
		{209B5690-EE34-49CB-8457-EDD95303DE8D}.Debug|x86.Deploy.0 = Debug|Any CPU
		{209B5690-EE34-49CB-8457-EDD95303DE8D}.Release|Any CPU.ActiveCfg = Release|Any CPU
		{209B5690-EE34-49CB-8457-EDD95303DE8D}.Release|Any CPU.Build.0 = Release|Any CPU
		{209B5690-EE34-49CB-8457-EDD95303DE8D}.Release|Any CPU.Deploy.0 = Release|Any CPU
		{209B5690-EE34-49CB-8457-EDD95303DE8D}.Release|ARM.ActiveCfg = Release|Any CPU
		{209B5690-EE34-49CB-8457-EDD95303DE8D}.Release|ARM.Build.0 = Release|Any CPU
		{209B5690-EE34-49CB-8457-EDD95303DE8D}.Release|ARM.Deploy.0 = Release|Any CPU
		{209B5690-EE34-49CB-8457-EDD95303DE8D}.Release|iPhone.ActiveCfg = Release|Any CPU
		{209B5690-EE34-49CB-8457-EDD95303DE8D}.Release|iPhone.Build.0 = Release|Any CPU
		{209B5690-EE34-49CB-8457-EDD95303DE8D}.Release|iPhone.Deploy.0 = Release|Any CPU
		{209B5690-EE34-49CB-8457-EDD95303DE8D}.Release|iPhoneSimulator.ActiveCfg = Release|Any CPU
		{209B5690-EE34-49CB-8457-EDD95303DE8D}.Release|iPhoneSimulator.Build.0 = Release|Any CPU
		{209B5690-EE34-49CB-8457-EDD95303DE8D}.Release|iPhoneSimulator.Deploy.0 = Release|Any CPU
		{209B5690-EE34-49CB-8457-EDD95303DE8D}.Release|x64.ActiveCfg = Release|Any CPU
		{209B5690-EE34-49CB-8457-EDD95303DE8D}.Release|x64.Build.0 = Release|Any CPU
		{209B5690-EE34-49CB-8457-EDD95303DE8D}.Release|x64.Deploy.0 = Release|Any CPU
		{209B5690-EE34-49CB-8457-EDD95303DE8D}.Release|x86.ActiveCfg = Release|Any CPU
		{209B5690-EE34-49CB-8457-EDD95303DE8D}.Release|x86.Build.0 = Release|Any CPU
		{209B5690-EE34-49CB-8457-EDD95303DE8D}.Release|x86.Deploy.0 = Release|Any CPU
		{2DB9EC99-51CE-4B14-94AF-548A8F772509}.Debug|Any CPU.ActiveCfg = Debug|iPhone
		{2DB9EC99-51CE-4B14-94AF-548A8F772509}.Debug|Any CPU.Build.0 = Debug|iPhone
		{2DB9EC99-51CE-4B14-94AF-548A8F772509}.Debug|Any CPU.Deploy.0 = Debug|iPhone
		{2DB9EC99-51CE-4B14-94AF-548A8F772509}.Debug|ARM.ActiveCfg = Debug|iPhoneSimulator
		{2DB9EC99-51CE-4B14-94AF-548A8F772509}.Debug|ARM.Build.0 = Debug|iPhoneSimulator
		{2DB9EC99-51CE-4B14-94AF-548A8F772509}.Debug|ARM.Deploy.0 = Debug|iPhoneSimulator
		{2DB9EC99-51CE-4B14-94AF-548A8F772509}.Debug|iPhone.ActiveCfg = Debug|iPhone
		{2DB9EC99-51CE-4B14-94AF-548A8F772509}.Debug|iPhone.Build.0 = Debug|iPhone
		{2DB9EC99-51CE-4B14-94AF-548A8F772509}.Debug|iPhone.Deploy.0 = Debug|iPhone
		{2DB9EC99-51CE-4B14-94AF-548A8F772509}.Debug|iPhoneSimulator.ActiveCfg = Debug|iPhoneSimulator
		{2DB9EC99-51CE-4B14-94AF-548A8F772509}.Debug|iPhoneSimulator.Build.0 = Debug|iPhoneSimulator
		{2DB9EC99-51CE-4B14-94AF-548A8F772509}.Debug|iPhoneSimulator.Deploy.0 = Debug|iPhoneSimulator
		{2DB9EC99-51CE-4B14-94AF-548A8F772509}.Debug|x64.ActiveCfg = Debug|iPhone
		{2DB9EC99-51CE-4B14-94AF-548A8F772509}.Debug|x64.Build.0 = Debug|iPhone
		{2DB9EC99-51CE-4B14-94AF-548A8F772509}.Debug|x64.Deploy.0 = Debug|iPhone
		{2DB9EC99-51CE-4B14-94AF-548A8F772509}.Debug|x86.ActiveCfg = Debug|iPhone
		{2DB9EC99-51CE-4B14-94AF-548A8F772509}.Debug|x86.Build.0 = Debug|iPhone
		{2DB9EC99-51CE-4B14-94AF-548A8F772509}.Debug|x86.Deploy.0 = Debug|iPhone
		{2DB9EC99-51CE-4B14-94AF-548A8F772509}.Release|Any CPU.ActiveCfg = Release|iPhone
		{2DB9EC99-51CE-4B14-94AF-548A8F772509}.Release|Any CPU.Build.0 = Release|iPhone
		{2DB9EC99-51CE-4B14-94AF-548A8F772509}.Release|Any CPU.Deploy.0 = Release|iPhone
		{2DB9EC99-51CE-4B14-94AF-548A8F772509}.Release|ARM.ActiveCfg = Release|iPhone
		{2DB9EC99-51CE-4B14-94AF-548A8F772509}.Release|ARM.Build.0 = Release|iPhone
		{2DB9EC99-51CE-4B14-94AF-548A8F772509}.Release|ARM.Deploy.0 = Release|iPhone
		{2DB9EC99-51CE-4B14-94AF-548A8F772509}.Release|iPhone.ActiveCfg = Release|iPhone
		{2DB9EC99-51CE-4B14-94AF-548A8F772509}.Release|iPhone.Build.0 = Release|iPhone
		{2DB9EC99-51CE-4B14-94AF-548A8F772509}.Release|iPhone.Deploy.0 = Release|iPhone
		{2DB9EC99-51CE-4B14-94AF-548A8F772509}.Release|iPhoneSimulator.ActiveCfg = Release|iPhoneSimulator
		{2DB9EC99-51CE-4B14-94AF-548A8F772509}.Release|iPhoneSimulator.Build.0 = Release|iPhoneSimulator
		{2DB9EC99-51CE-4B14-94AF-548A8F772509}.Release|iPhoneSimulator.Deploy.0 = Release|iPhoneSimulator
		{2DB9EC99-51CE-4B14-94AF-548A8F772509}.Release|x64.ActiveCfg = Release|iPhone
		{2DB9EC99-51CE-4B14-94AF-548A8F772509}.Release|x64.Build.0 = Release|iPhone
		{2DB9EC99-51CE-4B14-94AF-548A8F772509}.Release|x64.Deploy.0 = Release|iPhone
		{2DB9EC99-51CE-4B14-94AF-548A8F772509}.Release|x86.ActiveCfg = Release|iPhone
		{2DB9EC99-51CE-4B14-94AF-548A8F772509}.Release|x86.Build.0 = Release|iPhone
		{2DB9EC99-51CE-4B14-94AF-548A8F772509}.Release|x86.Deploy.0 = Release|iPhone
		{32DB2326-5D00-40B1-9D04-5ABD4E144FBA}.Debug|Any CPU.ActiveCfg = Debug|Any CPU
		{32DB2326-5D00-40B1-9D04-5ABD4E144FBA}.Debug|Any CPU.Build.0 = Debug|Any CPU
		{32DB2326-5D00-40B1-9D04-5ABD4E144FBA}.Debug|Any CPU.Deploy.0 = Debug|Any CPU
		{32DB2326-5D00-40B1-9D04-5ABD4E144FBA}.Debug|ARM.ActiveCfg = Debug|Any CPU
		{32DB2326-5D00-40B1-9D04-5ABD4E144FBA}.Debug|ARM.Build.0 = Debug|Any CPU
		{32DB2326-5D00-40B1-9D04-5ABD4E144FBA}.Debug|ARM.Deploy.0 = Debug|Any CPU
		{32DB2326-5D00-40B1-9D04-5ABD4E144FBA}.Debug|iPhone.ActiveCfg = Debug|Any CPU
		{32DB2326-5D00-40B1-9D04-5ABD4E144FBA}.Debug|iPhone.Build.0 = Debug|Any CPU
		{32DB2326-5D00-40B1-9D04-5ABD4E144FBA}.Debug|iPhone.Deploy.0 = Debug|Any CPU
		{32DB2326-5D00-40B1-9D04-5ABD4E144FBA}.Debug|iPhoneSimulator.ActiveCfg = Debug|Any CPU
		{32DB2326-5D00-40B1-9D04-5ABD4E144FBA}.Debug|iPhoneSimulator.Build.0 = Debug|Any CPU
		{32DB2326-5D00-40B1-9D04-5ABD4E144FBA}.Debug|iPhoneSimulator.Deploy.0 = Debug|Any CPU
		{32DB2326-5D00-40B1-9D04-5ABD4E144FBA}.Debug|x64.ActiveCfg = Debug|Any CPU
		{32DB2326-5D00-40B1-9D04-5ABD4E144FBA}.Debug|x64.Build.0 = Debug|Any CPU
		{32DB2326-5D00-40B1-9D04-5ABD4E144FBA}.Debug|x64.Deploy.0 = Debug|Any CPU
		{32DB2326-5D00-40B1-9D04-5ABD4E144FBA}.Debug|x86.ActiveCfg = Debug|Any CPU
		{32DB2326-5D00-40B1-9D04-5ABD4E144FBA}.Debug|x86.Build.0 = Debug|Any CPU
		{32DB2326-5D00-40B1-9D04-5ABD4E144FBA}.Debug|x86.Deploy.0 = Debug|Any CPU
		{32DB2326-5D00-40B1-9D04-5ABD4E144FBA}.Release|Any CPU.ActiveCfg = Release|Any CPU
		{32DB2326-5D00-40B1-9D04-5ABD4E144FBA}.Release|Any CPU.Build.0 = Release|Any CPU
		{32DB2326-5D00-40B1-9D04-5ABD4E144FBA}.Release|Any CPU.Deploy.0 = Release|Any CPU
		{32DB2326-5D00-40B1-9D04-5ABD4E144FBA}.Release|ARM.ActiveCfg = Release|Any CPU
		{32DB2326-5D00-40B1-9D04-5ABD4E144FBA}.Release|ARM.Build.0 = Release|Any CPU
		{32DB2326-5D00-40B1-9D04-5ABD4E144FBA}.Release|ARM.Deploy.0 = Release|Any CPU
		{32DB2326-5D00-40B1-9D04-5ABD4E144FBA}.Release|iPhone.ActiveCfg = Release|Any CPU
		{32DB2326-5D00-40B1-9D04-5ABD4E144FBA}.Release|iPhone.Build.0 = Release|Any CPU
		{32DB2326-5D00-40B1-9D04-5ABD4E144FBA}.Release|iPhone.Deploy.0 = Release|Any CPU
		{32DB2326-5D00-40B1-9D04-5ABD4E144FBA}.Release|iPhoneSimulator.ActiveCfg = Release|Any CPU
		{32DB2326-5D00-40B1-9D04-5ABD4E144FBA}.Release|iPhoneSimulator.Build.0 = Release|Any CPU
		{32DB2326-5D00-40B1-9D04-5ABD4E144FBA}.Release|iPhoneSimulator.Deploy.0 = Release|Any CPU
		{32DB2326-5D00-40B1-9D04-5ABD4E144FBA}.Release|x64.ActiveCfg = Release|Any CPU
		{32DB2326-5D00-40B1-9D04-5ABD4E144FBA}.Release|x64.Build.0 = Release|Any CPU
		{32DB2326-5D00-40B1-9D04-5ABD4E144FBA}.Release|x64.Deploy.0 = Release|Any CPU
		{32DB2326-5D00-40B1-9D04-5ABD4E144FBA}.Release|x86.ActiveCfg = Release|Any CPU
		{32DB2326-5D00-40B1-9D04-5ABD4E144FBA}.Release|x86.Build.0 = Release|Any CPU
		{32DB2326-5D00-40B1-9D04-5ABD4E144FBA}.Release|x86.Deploy.0 = Release|Any CPU
	EndGlobalSection
	GlobalSection(SolutionProperties) = preSolution
		HideSolutionNode = FALSE
	EndGlobalSection
	GlobalSection(ExtensibilityGlobals) = postSolution
		SolutionGuid = {083734C9-9B82-4408-A444-AC7EBC9F2DAB}
	EndGlobalSection
EndGlobal
