
Microsoft Visual Studio Solution File, Format Version 12.00
# Visual Studio 15
VisualStudioVersion = 15.0.28307.271
MinimumVisualStudioVersion = 10.0.40219.1
Project("{FAE04EC0-301F-11D3-BF4B-00C04F79EFBC}") = "intro.Android", "intro\intro.Android\intro.Android.csproj", "{265B6331-4329-46C6-8719-0411E6384487}"
EndProject
Project("{FAE04EC0-301F-11D3-BF4B-00C04F79EFBC}") = "intro.iOS", "intro\intro.iOS\intro.iOS.csproj", "{BB9C7FCC-99AB-4593-909C-54AB15687BFA}"
EndProject
Project("{FAE04EC0-301F-11D3-BF4B-00C04F79EFBC}") = "intro.UWP", "intro\intro.UWP\intro.UWP.csproj", "{4DFDD086-0AB7-4589-A130-D5841ECA0B60}"
EndProject
Project("{FAE04EC0-301F-11D3-BF4B-00C04F79EFBC}") = "intro", "intro\intro\intro.csproj", "{ECC4F927-CAD9-4DB3-8596-9C4E936A3E30}"
EndProject
Global
	GlobalSection(SolutionConfigurationPlatforms) = preSolution
		Ad-Hoc|Any CPU = Ad-Hoc|Any CPU
		Ad-Hoc|ARM = Ad-Hoc|ARM
		Ad-Hoc|iPhone = Ad-Hoc|iPhone
		Ad-Hoc|iPhoneSimulator = Ad-Hoc|iPhoneSimulator
		Ad-Hoc|x64 = Ad-Hoc|x64
		Ad-Hoc|x86 = Ad-Hoc|x86
		AppStore|Any CPU = AppStore|Any CPU
		AppStore|ARM = AppStore|ARM
		AppStore|iPhone = AppStore|iPhone
		AppStore|iPhoneSimulator = AppStore|iPhoneSimulator
		AppStore|x64 = AppStore|x64
		AppStore|x86 = AppStore|x86
		Debug|Any CPU = Debug|Any CPU
		Debug|ARM = Debug|ARM
		Debug|iPhone = Debug|iPhone
		Debug|iPhoneSimulator = Debug|iPhoneSimulator
		Debug|x64 = Debug|x64
		Debug|x86 = Debug|x86
		Release|Any CPU = Release|Any CPU
		Release|ARM = Release|ARM
		Release|iPhone = Release|iPhone
		Release|iPhoneSimulator = Release|iPhoneSimulator
		Release|x64 = Release|x64
		Release|x86 = Release|x86
	EndGlobalSection
	GlobalSection(ProjectConfigurationPlatforms) = postSolution
		{265B6331-4329-46C6-8719-0411E6384487}.Ad-Hoc|Any CPU.ActiveCfg = Release|Any CPU
		{265B6331-4329-46C6-8719-0411E6384487}.Ad-Hoc|Any CPU.Build.0 = Release|Any CPU
		{265B6331-4329-46C6-8719-0411E6384487}.Ad-Hoc|Any CPU.Deploy.0 = Release|Any CPU
		{265B6331-4329-46C6-8719-0411E6384487}.Ad-Hoc|ARM.ActiveCfg = Release|Any CPU
		{265B6331-4329-46C6-8719-0411E6384487}.Ad-Hoc|ARM.Build.0 = Release|Any CPU
		{265B6331-4329-46C6-8719-0411E6384487}.Ad-Hoc|ARM.Deploy.0 = Release|Any CPU
		{265B6331-4329-46C6-8719-0411E6384487}.Ad-Hoc|iPhone.ActiveCfg = Release|Any CPU
		{265B6331-4329-46C6-8719-0411E6384487}.Ad-Hoc|iPhone.Build.0 = Release|Any CPU
		{265B6331-4329-46C6-8719-0411E6384487}.Ad-Hoc|iPhone.Deploy.0 = Release|Any CPU
		{265B6331-4329-46C6-8719-0411E6384487}.Ad-Hoc|iPhoneSimulator.ActiveCfg = Release|Any CPU
		{265B6331-4329-46C6-8719-0411E6384487}.Ad-Hoc|iPhoneSimulator.Build.0 = Release|Any CPU
		{265B6331-4329-46C6-8719-0411E6384487}.Ad-Hoc|iPhoneSimulator.Deploy.0 = Release|Any CPU
		{265B6331-4329-46C6-8719-0411E6384487}.Ad-Hoc|x64.ActiveCfg = Release|Any CPU
		{265B6331-4329-46C6-8719-0411E6384487}.Ad-Hoc|x64.Build.0 = Release|Any CPU
		{265B6331-4329-46C6-8719-0411E6384487}.Ad-Hoc|x64.Deploy.0 = Release|Any CPU
		{265B6331-4329-46C6-8719-0411E6384487}.Ad-Hoc|x86.ActiveCfg = Release|Any CPU
		{265B6331-4329-46C6-8719-0411E6384487}.Ad-Hoc|x86.Build.0 = Release|Any CPU
		{265B6331-4329-46C6-8719-0411E6384487}.Ad-Hoc|x86.Deploy.0 = Release|Any CPU
		{265B6331-4329-46C6-8719-0411E6384487}.AppStore|Any CPU.ActiveCfg = Release|Any CPU
		{265B6331-4329-46C6-8719-0411E6384487}.AppStore|Any CPU.Build.0 = Release|Any CPU
		{265B6331-4329-46C6-8719-0411E6384487}.AppStore|Any CPU.Deploy.0 = Release|Any CPU
		{265B6331-4329-46C6-8719-0411E6384487}.AppStore|ARM.ActiveCfg = Release|Any CPU
		{265B6331-4329-46C6-8719-0411E6384487}.AppStore|ARM.Build.0 = Release|Any CPU
		{265B6331-4329-46C6-8719-0411E6384487}.AppStore|ARM.Deploy.0 = Release|Any CPU
		{265B6331-4329-46C6-8719-0411E6384487}.AppStore|iPhone.ActiveCfg = Release|Any CPU
		{265B6331-4329-46C6-8719-0411E6384487}.AppStore|iPhone.Build.0 = Release|Any CPU
		{265B6331-4329-46C6-8719-0411E6384487}.AppStore|iPhone.Deploy.0 = Release|Any CPU
		{265B6331-4329-46C6-8719-0411E6384487}.AppStore|iPhoneSimulator.ActiveCfg = Release|Any CPU
		{265B6331-4329-46C6-8719-0411E6384487}.AppStore|iPhoneSimulator.Build.0 = Release|Any CPU
		{265B6331-4329-46C6-8719-0411E6384487}.AppStore|iPhoneSimulator.Deploy.0 = Release|Any CPU
		{265B6331-4329-46C6-8719-0411E6384487}.AppStore|x64.ActiveCfg = Release|Any CPU
		{265B6331-4329-46C6-8719-0411E6384487}.AppStore|x64.Build.0 = Release|Any CPU
		{265B6331-4329-46C6-8719-0411E6384487}.AppStore|x64.Deploy.0 = Release|Any CPU
		{265B6331-4329-46C6-8719-0411E6384487}.AppStore|x86.ActiveCfg = Release|Any CPU
		{265B6331-4329-46C6-8719-0411E6384487}.AppStore|x86.Build.0 = Release|Any CPU
		{265B6331-4329-46C6-8719-0411E6384487}.AppStore|x86.Deploy.0 = Release|Any CPU
		{265B6331-4329-46C6-8719-0411E6384487}.Debug|Any CPU.ActiveCfg = Debug|Any CPU
		{265B6331-4329-46C6-8719-0411E6384487}.Debug|Any CPU.Build.0 = Debug|Any CPU
		{265B6331-4329-46C6-8719-0411E6384487}.Debug|Any CPU.Deploy.0 = Debug|Any CPU
		{265B6331-4329-46C6-8719-0411E6384487}.Debug|ARM.ActiveCfg = Debug|Any CPU
		{265B6331-4329-46C6-8719-0411E6384487}.Debug|ARM.Build.0 = Debug|Any CPU
		{265B6331-4329-46C6-8719-0411E6384487}.Debug|ARM.Deploy.0 = Debug|Any CPU
		{265B6331-4329-46C6-8719-0411E6384487}.Debug|iPhone.ActiveCfg = Debug|Any CPU
		{265B6331-4329-46C6-8719-0411E6384487}.Debug|iPhone.Build.0 = Debug|Any CPU
		{265B6331-4329-46C6-8719-0411E6384487}.Debug|iPhone.Deploy.0 = Debug|Any CPU
		{265B6331-4329-46C6-8719-0411E6384487}.Debug|iPhoneSimulator.ActiveCfg = Debug|Any CPU
		{265B6331-4329-46C6-8719-0411E6384487}.Debug|iPhoneSimulator.Build.0 = Debug|Any CPU
		{265B6331-4329-46C6-8719-0411E6384487}.Debug|iPhoneSimulator.Deploy.0 = Debug|Any CPU
		{265B6331-4329-46C6-8719-0411E6384487}.Debug|x64.ActiveCfg = Debug|Any CPU
		{265B6331-4329-46C6-8719-0411E6384487}.Debug|x64.Build.0 = Debug|Any CPU
		{265B6331-4329-46C6-8719-0411E6384487}.Debug|x64.Deploy.0 = Debug|Any CPU
		{265B6331-4329-46C6-8719-0411E6384487}.Debug|x86.ActiveCfg = Debug|Any CPU
		{265B6331-4329-46C6-8719-0411E6384487}.Debug|x86.Build.0 = Debug|Any CPU
		{265B6331-4329-46C6-8719-0411E6384487}.Debug|x86.Deploy.0 = Debug|Any CPU
		{265B6331-4329-46C6-8719-0411E6384487}.Release|Any CPU.ActiveCfg = Release|Any CPU
		{265B6331-4329-46C6-8719-0411E6384487}.Release|Any CPU.Build.0 = Release|Any CPU
		{265B6331-4329-46C6-8719-0411E6384487}.Release|Any CPU.Deploy.0 = Release|Any CPU
		{265B6331-4329-46C6-8719-0411E6384487}.Release|ARM.ActiveCfg = Release|Any CPU
		{265B6331-4329-46C6-8719-0411E6384487}.Release|ARM.Build.0 = Release|Any CPU
		{265B6331-4329-46C6-8719-0411E6384487}.Release|ARM.Deploy.0 = Release|Any CPU
		{265B6331-4329-46C6-8719-0411E6384487}.Release|iPhone.ActiveCfg = Release|Any CPU
		{265B6331-4329-46C6-8719-0411E6384487}.Release|iPhone.Build.0 = Release|Any CPU
		{265B6331-4329-46C6-8719-0411E6384487}.Release|iPhone.Deploy.0 = Release|Any CPU
		{265B6331-4329-46C6-8719-0411E6384487}.Release|iPhoneSimulator.ActiveCfg = Release|Any CPU
		{265B6331-4329-46C6-8719-0411E6384487}.Release|iPhoneSimulator.Build.0 = Release|Any CPU
		{265B6331-4329-46C6-8719-0411E6384487}.Release|iPhoneSimulator.Deploy.0 = Release|Any CPU
		{265B6331-4329-46C6-8719-0411E6384487}.Release|x64.ActiveCfg = Release|Any CPU
		{265B6331-4329-46C6-8719-0411E6384487}.Release|x64.Build.0 = Release|Any CPU
		{265B6331-4329-46C6-8719-0411E6384487}.Release|x64.Deploy.0 = Release|Any CPU
		{265B6331-4329-46C6-8719-0411E6384487}.Release|x86.ActiveCfg = Release|Any CPU
		{265B6331-4329-46C6-8719-0411E6384487}.Release|x86.Build.0 = Release|Any CPU
		{265B6331-4329-46C6-8719-0411E6384487}.Release|x86.Deploy.0 = Release|Any CPU
		{BB9C7FCC-99AB-4593-909C-54AB15687BFA}.Ad-Hoc|Any CPU.ActiveCfg = Ad-Hoc|iPhone
		{BB9C7FCC-99AB-4593-909C-54AB15687BFA}.Ad-Hoc|Any CPU.Build.0 = Ad-Hoc|iPhone
		{BB9C7FCC-99AB-4593-909C-54AB15687BFA}.Ad-Hoc|Any CPU.Deploy.0 = Ad-Hoc|iPhone
		{BB9C7FCC-99AB-4593-909C-54AB15687BFA}.Ad-Hoc|ARM.ActiveCfg = Ad-Hoc|iPhone
		{BB9C7FCC-99AB-4593-909C-54AB15687BFA}.Ad-Hoc|ARM.Build.0 = Ad-Hoc|iPhone
		{BB9C7FCC-99AB-4593-909C-54AB15687BFA}.Ad-Hoc|ARM.Deploy.0 = Ad-Hoc|iPhone
		{BB9C7FCC-99AB-4593-909C-54AB15687BFA}.Ad-Hoc|iPhone.ActiveCfg = Ad-Hoc|iPhone
		{BB9C7FCC-99AB-4593-909C-54AB15687BFA}.Ad-Hoc|iPhone.Build.0 = Ad-Hoc|iPhone
		{BB9C7FCC-99AB-4593-909C-54AB15687BFA}.Ad-Hoc|iPhone.Deploy.0 = Ad-Hoc|iPhone
		{BB9C7FCC-99AB-4593-909C-54AB15687BFA}.Ad-Hoc|iPhoneSimulator.ActiveCfg = Ad-Hoc|iPhoneSimulator
		{BB9C7FCC-99AB-4593-909C-54AB15687BFA}.Ad-Hoc|iPhoneSimulator.Build.0 = Ad-Hoc|iPhoneSimulator
		{BB9C7FCC-99AB-4593-909C-54AB15687BFA}.Ad-Hoc|iPhoneSimulator.Deploy.0 = Ad-Hoc|iPhoneSimulator
		{BB9C7FCC-99AB-4593-909C-54AB15687BFA}.Ad-Hoc|x64.ActiveCfg = Ad-Hoc|iPhone
		{BB9C7FCC-99AB-4593-909C-54AB15687BFA}.Ad-Hoc|x64.Build.0 = Ad-Hoc|iPhone
		{BB9C7FCC-99AB-4593-909C-54AB15687BFA}.Ad-Hoc|x64.Deploy.0 = Ad-Hoc|iPhone
		{BB9C7FCC-99AB-4593-909C-54AB15687BFA}.Ad-Hoc|x86.ActiveCfg = Ad-Hoc|iPhone
		{BB9C7FCC-99AB-4593-909C-54AB15687BFA}.Ad-Hoc|x86.Build.0 = Ad-Hoc|iPhone
		{BB9C7FCC-99AB-4593-909C-54AB15687BFA}.Ad-Hoc|x86.Deploy.0 = Ad-Hoc|iPhone
		{BB9C7FCC-99AB-4593-909C-54AB15687BFA}.AppStore|Any CPU.ActiveCfg = AppStore|iPhone
		{BB9C7FCC-99AB-4593-909C-54AB15687BFA}.AppStore|Any CPU.Build.0 = AppStore|iPhone
		{BB9C7FCC-99AB-4593-909C-54AB15687BFA}.AppStore|Any CPU.Deploy.0 = AppStore|iPhone
		{BB9C7FCC-99AB-4593-909C-54AB15687BFA}.AppStore|ARM.ActiveCfg = AppStore|iPhone
		{BB9C7FCC-99AB-4593-909C-54AB15687BFA}.AppStore|ARM.Build.0 = AppStore|iPhone
		{BB9C7FCC-99AB-4593-909C-54AB15687BFA}.AppStore|ARM.Deploy.0 = AppStore|iPhone
		{BB9C7FCC-99AB-4593-909C-54AB15687BFA}.AppStore|iPhone.ActiveCfg = AppStore|iPhone
		{BB9C7FCC-99AB-4593-909C-54AB15687BFA}.AppStore|iPhone.Build.0 = AppStore|iPhone
		{BB9C7FCC-99AB-4593-909C-54AB15687BFA}.AppStore|iPhone.Deploy.0 = AppStore|iPhone
		{BB9C7FCC-99AB-4593-909C-54AB15687BFA}.AppStore|iPhoneSimulator.ActiveCfg = AppStore|iPhoneSimulator
		{BB9C7FCC-99AB-4593-909C-54AB15687BFA}.AppStore|iPhoneSimulator.Build.0 = AppStore|iPhoneSimulator
		{BB9C7FCC-99AB-4593-909C-54AB15687BFA}.AppStore|iPhoneSimulator.Deploy.0 = AppStore|iPhoneSimulator
		{BB9C7FCC-99AB-4593-909C-54AB15687BFA}.AppStore|x64.ActiveCfg = AppStore|iPhone
		{BB9C7FCC-99AB-4593-909C-54AB15687BFA}.AppStore|x64.Build.0 = AppStore|iPhone
		{BB9C7FCC-99AB-4593-909C-54AB15687BFA}.AppStore|x64.Deploy.0 = AppStore|iPhone
		{BB9C7FCC-99AB-4593-909C-54AB15687BFA}.AppStore|x86.ActiveCfg = AppStore|iPhone
		{BB9C7FCC-99AB-4593-909C-54AB15687BFA}.AppStore|x86.Build.0 = AppStore|iPhone
		{BB9C7FCC-99AB-4593-909C-54AB15687BFA}.AppStore|x86.Deploy.0 = AppStore|iPhone
		{BB9C7FCC-99AB-4593-909C-54AB15687BFA}.Debug|Any CPU.ActiveCfg = Debug|iPhoneSimulator
		{BB9C7FCC-99AB-4593-909C-54AB15687BFA}.Debug|Any CPU.Build.0 = Debug|iPhoneSimulator
		{BB9C7FCC-99AB-4593-909C-54AB15687BFA}.Debug|Any CPU.Deploy.0 = Debug|iPhoneSimulator
		{BB9C7FCC-99AB-4593-909C-54AB15687BFA}.Debug|ARM.ActiveCfg = Debug|iPhone
		{BB9C7FCC-99AB-4593-909C-54AB15687BFA}.Debug|ARM.Build.0 = Debug|iPhone
		{BB9C7FCC-99AB-4593-909C-54AB15687BFA}.Debug|ARM.Deploy.0 = Debug|iPhone
		{BB9C7FCC-99AB-4593-909C-54AB15687BFA}.Debug|iPhone.ActiveCfg = Debug|iPhone
		{BB9C7FCC-99AB-4593-909C-54AB15687BFA}.Debug|iPhone.Build.0 = Debug|iPhone
		{BB9C7FCC-99AB-4593-909C-54AB15687BFA}.Debug|iPhone.Deploy.0 = Debug|iPhone
		{BB9C7FCC-99AB-4593-909C-54AB15687BFA}.Debug|iPhoneSimulator.ActiveCfg = Debug|iPhoneSimulator
		{BB9C7FCC-99AB-4593-909C-54AB15687BFA}.Debug|iPhoneSimulator.Build.0 = Debug|iPhoneSimulator
		{BB9C7FCC-99AB-4593-909C-54AB15687BFA}.Debug|iPhoneSimulator.Deploy.0 = Debug|iPhoneSimulator
		{BB9C7FCC-99AB-4593-909C-54AB15687BFA}.Debug|x64.ActiveCfg = Debug|iPhone
		{BB9C7FCC-99AB-4593-909C-54AB15687BFA}.Debug|x64.Build.0 = Debug|iPhone
		{BB9C7FCC-99AB-4593-909C-54AB15687BFA}.Debug|x64.Deploy.0 = Debug|iPhone
		{BB9C7FCC-99AB-4593-909C-54AB15687BFA}.Debug|x86.ActiveCfg = Debug|iPhone
		{BB9C7FCC-99AB-4593-909C-54AB15687BFA}.Debug|x86.Build.0 = Debug|iPhone
		{BB9C7FCC-99AB-4593-909C-54AB15687BFA}.Debug|x86.Deploy.0 = Debug|iPhone
		{BB9C7FCC-99AB-4593-909C-54AB15687BFA}.Release|Any CPU.ActiveCfg = Release|iPhone
		{BB9C7FCC-99AB-4593-909C-54AB15687BFA}.Release|Any CPU.Build.0 = Release|iPhone
		{BB9C7FCC-99AB-4593-909C-54AB15687BFA}.Release|Any CPU.Deploy.0 = Release|iPhone
		{BB9C7FCC-99AB-4593-909C-54AB15687BFA}.Release|ARM.ActiveCfg = Release|iPhone
		{BB9C7FCC-99AB-4593-909C-54AB15687BFA}.Release|ARM.Build.0 = Release|iPhone
		{BB9C7FCC-99AB-4593-909C-54AB15687BFA}.Release|ARM.Deploy.0 = Release|iPhone
		{BB9C7FCC-99AB-4593-909C-54AB15687BFA}.Release|iPhone.ActiveCfg = Release|iPhone
		{BB9C7FCC-99AB-4593-909C-54AB15687BFA}.Release|iPhone.Build.0 = Release|iPhone
		{BB9C7FCC-99AB-4593-909C-54AB15687BFA}.Release|iPhone.Deploy.0 = Release|iPhone
		{BB9C7FCC-99AB-4593-909C-54AB15687BFA}.Release|iPhoneSimulator.ActiveCfg = Release|iPhoneSimulator
		{BB9C7FCC-99AB-4593-909C-54AB15687BFA}.Release|iPhoneSimulator.Build.0 = Release|iPhoneSimulator
		{BB9C7FCC-99AB-4593-909C-54AB15687BFA}.Release|iPhoneSimulator.Deploy.0 = Release|iPhoneSimulator
		{BB9C7FCC-99AB-4593-909C-54AB15687BFA}.Release|x64.ActiveCfg = Release|iPhone
		{BB9C7FCC-99AB-4593-909C-54AB15687BFA}.Release|x64.Build.0 = Release|iPhone
		{BB9C7FCC-99AB-4593-909C-54AB15687BFA}.Release|x64.Deploy.0 = Release|iPhone
		{BB9C7FCC-99AB-4593-909C-54AB15687BFA}.Release|x86.ActiveCfg = Release|iPhone
		{BB9C7FCC-99AB-4593-909C-54AB15687BFA}.Release|x86.Build.0 = Release|iPhone
		{BB9C7FCC-99AB-4593-909C-54AB15687BFA}.Release|x86.Deploy.0 = Release|iPhone
		{4DFDD086-0AB7-4589-A130-D5841ECA0B60}.Ad-Hoc|Any CPU.ActiveCfg = Release|x86
		{4DFDD086-0AB7-4589-A130-D5841ECA0B60}.Ad-Hoc|Any CPU.Build.0 = Release|x86
		{4DFDD086-0AB7-4589-A130-D5841ECA0B60}.Ad-Hoc|Any CPU.Deploy.0 = Release|x86
		{4DFDD086-0AB7-4589-A130-D5841ECA0B60}.Ad-Hoc|ARM.ActiveCfg = Release|ARM
		{4DFDD086-0AB7-4589-A130-D5841ECA0B60}.Ad-Hoc|ARM.Build.0 = Release|ARM
		{4DFDD086-0AB7-4589-A130-D5841ECA0B60}.Ad-Hoc|ARM.Deploy.0 = Release|ARM
		{4DFDD086-0AB7-4589-A130-D5841ECA0B60}.Ad-Hoc|iPhone.ActiveCfg = Release|x86
		{4DFDD086-0AB7-4589-A130-D5841ECA0B60}.Ad-Hoc|iPhone.Build.0 = Release|x86
		{4DFDD086-0AB7-4589-A130-D5841ECA0B60}.Ad-Hoc|iPhone.Deploy.0 = Release|x86
		{4DFDD086-0AB7-4589-A130-D5841ECA0B60}.Ad-Hoc|iPhoneSimulator.ActiveCfg = Release|x86
		{4DFDD086-0AB7-4589-A130-D5841ECA0B60}.Ad-Hoc|iPhoneSimulator.Build.0 = Release|x86
		{4DFDD086-0AB7-4589-A130-D5841ECA0B60}.Ad-Hoc|iPhoneSimulator.Deploy.0 = Release|x86
		{4DFDD086-0AB7-4589-A130-D5841ECA0B60}.Ad-Hoc|x64.ActiveCfg = Release|x64
		{4DFDD086-0AB7-4589-A130-D5841ECA0B60}.Ad-Hoc|x64.Build.0 = Release|x64
		{4DFDD086-0AB7-4589-A130-D5841ECA0B60}.Ad-Hoc|x64.Deploy.0 = Release|x64
		{4DFDD086-0AB7-4589-A130-D5841ECA0B60}.Ad-Hoc|x86.ActiveCfg = Release|x86
		{4DFDD086-0AB7-4589-A130-D5841ECA0B60}.Ad-Hoc|x86.Build.0 = Release|x86
		{4DFDD086-0AB7-4589-A130-D5841ECA0B60}.Ad-Hoc|x86.Deploy.0 = Release|x86
		{4DFDD086-0AB7-4589-A130-D5841ECA0B60}.AppStore|Any CPU.ActiveCfg = Release|x86
		{4DFDD086-0AB7-4589-A130-D5841ECA0B60}.AppStore|Any CPU.Build.0 = Release|x86
		{4DFDD086-0AB7-4589-A130-D5841ECA0B60}.AppStore|Any CPU.Deploy.0 = Release|x86
		{4DFDD086-0AB7-4589-A130-D5841ECA0B60}.AppStore|ARM.ActiveCfg = Release|ARM
		{4DFDD086-0AB7-4589-A130-D5841ECA0B60}.AppStore|ARM.Build.0 = Release|ARM
		{4DFDD086-0AB7-4589-A130-D5841ECA0B60}.AppStore|ARM.Deploy.0 = Release|ARM
		{4DFDD086-0AB7-4589-A130-D5841ECA0B60}.AppStore|iPhone.ActiveCfg = Release|x86
		{4DFDD086-0AB7-4589-A130-D5841ECA0B60}.AppStore|iPhone.Build.0 = Release|x86
		{4DFDD086-0AB7-4589-A130-D5841ECA0B60}.AppStore|iPhone.Deploy.0 = Release|x86
		{4DFDD086-0AB7-4589-A130-D5841ECA0B60}.AppStore|iPhoneSimulator.ActiveCfg = Release|x86
		{4DFDD086-0AB7-4589-A130-D5841ECA0B60}.AppStore|iPhoneSimulator.Build.0 = Release|x86
		{4DFDD086-0AB7-4589-A130-D5841ECA0B60}.AppStore|iPhoneSimulator.Deploy.0 = Release|x86
		{4DFDD086-0AB7-4589-A130-D5841ECA0B60}.AppStore|x64.ActiveCfg = Release|x64
		{4DFDD086-0AB7-4589-A130-D5841ECA0B60}.AppStore|x64.Build.0 = Release|x64
		{4DFDD086-0AB7-4589-A130-D5841ECA0B60}.AppStore|x64.Deploy.0 = Release|x64
		{4DFDD086-0AB7-4589-A130-D5841ECA0B60}.AppStore|x86.ActiveCfg = Release|x86
		{4DFDD086-0AB7-4589-A130-D5841ECA0B60}.AppStore|x86.Build.0 = Release|x86
		{4DFDD086-0AB7-4589-A130-D5841ECA0B60}.AppStore|x86.Deploy.0 = Release|x86
		{4DFDD086-0AB7-4589-A130-D5841ECA0B60}.Debug|Any CPU.ActiveCfg = Debug|x86
		{4DFDD086-0AB7-4589-A130-D5841ECA0B60}.Debug|Any CPU.Build.0 = Debug|x86
		{4DFDD086-0AB7-4589-A130-D5841ECA0B60}.Debug|Any CPU.Deploy.0 = Debug|x86
		{4DFDD086-0AB7-4589-A130-D5841ECA0B60}.Debug|ARM.ActiveCfg = Debug|ARM
		{4DFDD086-0AB7-4589-A130-D5841ECA0B60}.Debug|ARM.Build.0 = Debug|ARM
		{4DFDD086-0AB7-4589-A130-D5841ECA0B60}.Debug|ARM.Deploy.0 = Debug|ARM
		{4DFDD086-0AB7-4589-A130-D5841ECA0B60}.Debug|iPhone.ActiveCfg = Debug|x86
		{4DFDD086-0AB7-4589-A130-D5841ECA0B60}.Debug|iPhone.Build.0 = Debug|x86
		{4DFDD086-0AB7-4589-A130-D5841ECA0B60}.Debug|iPhone.Deploy.0 = Debug|x86
		{4DFDD086-0AB7-4589-A130-D5841ECA0B60}.Debug|iPhoneSimulator.ActiveCfg = Debug|x86
		{4DFDD086-0AB7-4589-A130-D5841ECA0B60}.Debug|iPhoneSimulator.Build.0 = Debug|x86
		{4DFDD086-0AB7-4589-A130-D5841ECA0B60}.Debug|iPhoneSimulator.Deploy.0 = Debug|x86
		{4DFDD086-0AB7-4589-A130-D5841ECA0B60}.Debug|x64.ActiveCfg = Debug|x64
		{4DFDD086-0AB7-4589-A130-D5841ECA0B60}.Debug|x64.Build.0 = Debug|x64
		{4DFDD086-0AB7-4589-A130-D5841ECA0B60}.Debug|x64.Deploy.0 = Debug|x64
		{4DFDD086-0AB7-4589-A130-D5841ECA0B60}.Debug|x86.ActiveCfg = Debug|x86
		{4DFDD086-0AB7-4589-A130-D5841ECA0B60}.Debug|x86.Build.0 = Debug|x86
		{4DFDD086-0AB7-4589-A130-D5841ECA0B60}.Debug|x86.Deploy.0 = Debug|x86
		{4DFDD086-0AB7-4589-A130-D5841ECA0B60}.Release|Any CPU.ActiveCfg = Release|x86
		{4DFDD086-0AB7-4589-A130-D5841ECA0B60}.Release|Any CPU.Build.0 = Release|x86
		{4DFDD086-0AB7-4589-A130-D5841ECA0B60}.Release|Any CPU.Deploy.0 = Release|x86
		{4DFDD086-0AB7-4589-A130-D5841ECA0B60}.Release|ARM.ActiveCfg = Release|ARM
		{4DFDD086-0AB7-4589-A130-D5841ECA0B60}.Release|ARM.Build.0 = Release|ARM
		{4DFDD086-0AB7-4589-A130-D5841ECA0B60}.Release|ARM.Deploy.0 = Release|ARM
		{4DFDD086-0AB7-4589-A130-D5841ECA0B60}.Release|iPhone.ActiveCfg = Release|x86
		{4DFDD086-0AB7-4589-A130-D5841ECA0B60}.Release|iPhone.Build.0 = Release|x86
		{4DFDD086-0AB7-4589-A130-D5841ECA0B60}.Release|iPhone.Deploy.0 = Release|x86
		{4DFDD086-0AB7-4589-A130-D5841ECA0B60}.Release|iPhoneSimulator.ActiveCfg = Release|x86
		{4DFDD086-0AB7-4589-A130-D5841ECA0B60}.Release|iPhoneSimulator.Build.0 = Release|x86
		{4DFDD086-0AB7-4589-A130-D5841ECA0B60}.Release|iPhoneSimulator.Deploy.0 = Release|x86
		{4DFDD086-0AB7-4589-A130-D5841ECA0B60}.Release|x64.ActiveCfg = Release|x64
		{4DFDD086-0AB7-4589-A130-D5841ECA0B60}.Release|x64.Build.0 = Release|x64
		{4DFDD086-0AB7-4589-A130-D5841ECA0B60}.Release|x64.Deploy.0 = Release|x64
		{4DFDD086-0AB7-4589-A130-D5841ECA0B60}.Release|x86.ActiveCfg = Release|x86
		{4DFDD086-0AB7-4589-A130-D5841ECA0B60}.Release|x86.Build.0 = Release|x86
		{4DFDD086-0AB7-4589-A130-D5841ECA0B60}.Release|x86.Deploy.0 = Release|x86
		{ECC4F927-CAD9-4DB3-8596-9C4E936A3E30}.Ad-Hoc|Any CPU.ActiveCfg = Debug|Any CPU
		{ECC4F927-CAD9-4DB3-8596-9C4E936A3E30}.Ad-Hoc|Any CPU.Build.0 = Debug|Any CPU
		{ECC4F927-CAD9-4DB3-8596-9C4E936A3E30}.Ad-Hoc|Any CPU.Deploy.0 = Debug|Any CPU
		{ECC4F927-CAD9-4DB3-8596-9C4E936A3E30}.Ad-Hoc|ARM.ActiveCfg = Debug|Any CPU
		{ECC4F927-CAD9-4DB3-8596-9C4E936A3E30}.Ad-Hoc|ARM.Build.0 = Debug|Any CPU
		{ECC4F927-CAD9-4DB3-8596-9C4E936A3E30}.Ad-Hoc|ARM.Deploy.0 = Debug|Any CPU
		{ECC4F927-CAD9-4DB3-8596-9C4E936A3E30}.Ad-Hoc|iPhone.ActiveCfg = Debug|Any CPU
		{ECC4F927-CAD9-4DB3-8596-9C4E936A3E30}.Ad-Hoc|iPhone.Build.0 = Debug|Any CPU
		{ECC4F927-CAD9-4DB3-8596-9C4E936A3E30}.Ad-Hoc|iPhone.Deploy.0 = Debug|Any CPU
		{ECC4F927-CAD9-4DB3-8596-9C4E936A3E30}.Ad-Hoc|iPhoneSimulator.ActiveCfg = Debug|Any CPU
		{ECC4F927-CAD9-4DB3-8596-9C4E936A3E30}.Ad-Hoc|iPhoneSimulator.Build.0 = Debug|Any CPU
		{ECC4F927-CAD9-4DB3-8596-9C4E936A3E30}.Ad-Hoc|iPhoneSimulator.Deploy.0 = Debug|Any CPU
		{ECC4F927-CAD9-4DB3-8596-9C4E936A3E30}.Ad-Hoc|x64.ActiveCfg = Debug|Any CPU
		{ECC4F927-CAD9-4DB3-8596-9C4E936A3E30}.Ad-Hoc|x64.Build.0 = Debug|Any CPU
		{ECC4F927-CAD9-4DB3-8596-9C4E936A3E30}.Ad-Hoc|x64.Deploy.0 = Debug|Any CPU
		{ECC4F927-CAD9-4DB3-8596-9C4E936A3E30}.Ad-Hoc|x86.ActiveCfg = Debug|Any CPU
		{ECC4F927-CAD9-4DB3-8596-9C4E936A3E30}.Ad-Hoc|x86.Build.0 = Debug|Any CPU
		{ECC4F927-CAD9-4DB3-8596-9C4E936A3E30}.Ad-Hoc|x86.Deploy.0 = Debug|Any CPU
		{ECC4F927-CAD9-4DB3-8596-9C4E936A3E30}.AppStore|Any CPU.ActiveCfg = Debug|Any CPU
		{ECC4F927-CAD9-4DB3-8596-9C4E936A3E30}.AppStore|Any CPU.Build.0 = Debug|Any CPU
		{ECC4F927-CAD9-4DB3-8596-9C4E936A3E30}.AppStore|Any CPU.Deploy.0 = Debug|Any CPU
		{ECC4F927-CAD9-4DB3-8596-9C4E936A3E30}.AppStore|ARM.ActiveCfg = Debug|Any CPU
		{ECC4F927-CAD9-4DB3-8596-9C4E936A3E30}.AppStore|ARM.Build.0 = Debug|Any CPU
		{ECC4F927-CAD9-4DB3-8596-9C4E936A3E30}.AppStore|ARM.Deploy.0 = Debug|Any CPU
		{ECC4F927-CAD9-4DB3-8596-9C4E936A3E30}.AppStore|iPhone.ActiveCfg = Debug|Any CPU
		{ECC4F927-CAD9-4DB3-8596-9C4E936A3E30}.AppStore|iPhone.Build.0 = Debug|Any CPU
		{ECC4F927-CAD9-4DB3-8596-9C4E936A3E30}.AppStore|iPhone.Deploy.0 = Debug|Any CPU
		{ECC4F927-CAD9-4DB3-8596-9C4E936A3E30}.AppStore|iPhoneSimulator.ActiveCfg = Debug|Any CPU
		{ECC4F927-CAD9-4DB3-8596-9C4E936A3E30}.AppStore|iPhoneSimulator.Build.0 = Debug|Any CPU
		{ECC4F927-CAD9-4DB3-8596-9C4E936A3E30}.AppStore|iPhoneSimulator.Deploy.0 = Debug|Any CPU
		{ECC4F927-CAD9-4DB3-8596-9C4E936A3E30}.AppStore|x64.ActiveCfg = Debug|Any CPU
		{ECC4F927-CAD9-4DB3-8596-9C4E936A3E30}.AppStore|x64.Build.0 = Debug|Any CPU
		{ECC4F927-CAD9-4DB3-8596-9C4E936A3E30}.AppStore|x64.Deploy.0 = Debug|Any CPU
		{ECC4F927-CAD9-4DB3-8596-9C4E936A3E30}.AppStore|x86.ActiveCfg = Debug|Any CPU
		{ECC4F927-CAD9-4DB3-8596-9C4E936A3E30}.AppStore|x86.Build.0 = Debug|Any CPU
		{ECC4F927-CAD9-4DB3-8596-9C4E936A3E30}.AppStore|x86.Deploy.0 = Debug|Any CPU
		{ECC4F927-CAD9-4DB3-8596-9C4E936A3E30}.Debug|Any CPU.ActiveCfg = Debug|Any CPU
		{ECC4F927-CAD9-4DB3-8596-9C4E936A3E30}.Debug|Any CPU.Build.0 = Debug|Any CPU
		{ECC4F927-CAD9-4DB3-8596-9C4E936A3E30}.Debug|Any CPU.Deploy.0 = Debug|Any CPU
		{ECC4F927-CAD9-4DB3-8596-9C4E936A3E30}.Debug|ARM.ActiveCfg = Debug|Any CPU
		{ECC4F927-CAD9-4DB3-8596-9C4E936A3E30}.Debug|ARM.Build.0 = Debug|Any CPU
		{ECC4F927-CAD9-4DB3-8596-9C4E936A3E30}.Debug|ARM.Deploy.0 = Debug|Any CPU
		{ECC4F927-CAD9-4DB3-8596-9C4E936A3E30}.Debug|iPhone.ActiveCfg = Debug|Any CPU
		{ECC4F927-CAD9-4DB3-8596-9C4E936A3E30}.Debug|iPhone.Build.0 = Debug|Any CPU
		{ECC4F927-CAD9-4DB3-8596-9C4E936A3E30}.Debug|iPhone.Deploy.0 = Debug|Any CPU
		{ECC4F927-CAD9-4DB3-8596-9C4E936A3E30}.Debug|iPhoneSimulator.ActiveCfg = Debug|Any CPU
		{ECC4F927-CAD9-4DB3-8596-9C4E936A3E30}.Debug|iPhoneSimulator.Build.0 = Debug|Any CPU
		{ECC4F927-CAD9-4DB3-8596-9C4E936A3E30}.Debug|iPhoneSimulator.Deploy.0 = Debug|Any CPU
		{ECC4F927-CAD9-4DB3-8596-9C4E936A3E30}.Debug|x64.ActiveCfg = Debug|Any CPU
		{ECC4F927-CAD9-4DB3-8596-9C4E936A3E30}.Debug|x64.Build.0 = Debug|Any CPU
		{ECC4F927-CAD9-4DB3-8596-9C4E936A3E30}.Debug|x64.Deploy.0 = Debug|Any CPU
		{ECC4F927-CAD9-4DB3-8596-9C4E936A3E30}.Debug|x86.ActiveCfg = Debug|Any CPU
		{ECC4F927-CAD9-4DB3-8596-9C4E936A3E30}.Debug|x86.Build.0 = Debug|Any CPU
		{ECC4F927-CAD9-4DB3-8596-9C4E936A3E30}.Debug|x86.Deploy.0 = Debug|Any CPU
		{ECC4F927-CAD9-4DB3-8596-9C4E936A3E30}.Release|Any CPU.ActiveCfg = Release|Any CPU
		{ECC4F927-CAD9-4DB3-8596-9C4E936A3E30}.Release|Any CPU.Build.0 = Release|Any CPU
		{ECC4F927-CAD9-4DB3-8596-9C4E936A3E30}.Release|Any CPU.Deploy.0 = Release|Any CPU
		{ECC4F927-CAD9-4DB3-8596-9C4E936A3E30}.Release|ARM.ActiveCfg = Release|Any CPU
		{ECC4F927-CAD9-4DB3-8596-9C4E936A3E30}.Release|ARM.Build.0 = Release|Any CPU
		{ECC4F927-CAD9-4DB3-8596-9C4E936A3E30}.Release|ARM.Deploy.0 = Release|Any CPU
		{ECC4F927-CAD9-4DB3-8596-9C4E936A3E30}.Release|iPhone.ActiveCfg = Release|Any CPU
		{ECC4F927-CAD9-4DB3-8596-9C4E936A3E30}.Release|iPhone.Build.0 = Release|Any CPU
		{ECC4F927-CAD9-4DB3-8596-9C4E936A3E30}.Release|iPhone.Deploy.0 = Release|Any CPU
		{ECC4F927-CAD9-4DB3-8596-9C4E936A3E30}.Release|iPhoneSimulator.ActiveCfg = Release|Any CPU
		{ECC4F927-CAD9-4DB3-8596-9C4E936A3E30}.Release|iPhoneSimulator.Build.0 = Release|Any CPU
		{ECC4F927-CAD9-4DB3-8596-9C4E936A3E30}.Release|iPhoneSimulator.Deploy.0 = Release|Any CPU
		{ECC4F927-CAD9-4DB3-8596-9C4E936A3E30}.Release|x64.ActiveCfg = Release|Any CPU
		{ECC4F927-CAD9-4DB3-8596-9C4E936A3E30}.Release|x64.Build.0 = Release|Any CPU
		{ECC4F927-CAD9-4DB3-8596-9C4E936A3E30}.Release|x64.Deploy.0 = Release|Any CPU
		{ECC4F927-CAD9-4DB3-8596-9C4E936A3E30}.Release|x86.ActiveCfg = Release|Any CPU
		{ECC4F927-CAD9-4DB3-8596-9C4E936A3E30}.Release|x86.Build.0 = Release|Any CPU
		{ECC4F927-CAD9-4DB3-8596-9C4E936A3E30}.Release|x86.Deploy.0 = Release|Any CPU
	EndGlobalSection
	GlobalSection(SolutionProperties) = preSolution
		HideSolutionNode = FALSE
	EndGlobalSection
	GlobalSection(ExtensibilityGlobals) = postSolution
		SolutionGuid = {51505C93-2F73-4340-A471-3B4FDB7C515B}
	EndGlobalSection
EndGlobal
